<?xml version="1.0" encoding="utf-8"?>
<Project ToolsVersion="4.0" xmlns="http://schemas.microsoft.com/developer/msbuild/2003">
  <ItemGroup>
    <Filter Include="Source Files">
      <UniqueIdentifier>{4FC737F1-C7A5-4376-A066-2A32D752A2FF}</UniqueIdentifier>
      <Extensions>cpp;c;cc;cxx;def;odl;idl;hpj;bat;asm;asmx</Extensions>
    </Filter>
    <Filter Include="Header Files">
      <UniqueIdentifier>{93995380-89BD-4b04-88EB-625FBE52EBFB}</UniqueIdentifier>
      <Extensions>h;hh;hpp;hxx;hm;inl;inc;ipp;xsd</Extensions>
    </Filter>
    <Filter Include="Resource Files">
      <UniqueIdentifier>{67DA6AB6-F800-4c08-8B7A-83BB121AAD01}</UniqueIdentifier>
      <Extensions>rc;ico;cur;bmp;dlg;rc2;rct;bin;rgs;gif;jpg;jpeg;jpe;resx;tiff;tif;png;wav;mfcribbon-ms</Extensions>
    </Filter>
  </ItemGroup>
  <ItemGroup>
    <ClInclude Include="Include\WaveWriter.h">
      <Filter>Header Files</Filter>
    </ClInclude>
    <ClInclude Include="Include\WaveformGenerator.h">
      <Filter>Header Files</Filter>
    </ClInclude>
    <ClInclude Include="Include\Constant.h">
      <Filter>Header Files</Filter>
    </ClInclude>
    <ClInclude Include="Include\Source.h">
      <Filter>Header Files</Filter>
    </ClInclude>
    <ClInclude Include="Include\Lfo.h">
      <Filter>Header Files</Filter>
    </ClInclude>
    <ClInclude Include="Include\Gain.h">
      <Filter>Header Files</Filter>
    </ClInclude>
    <ClInclude Include="Include\GateGenerator.h">
      <Filter>Header Files</Filter>
    </ClInclude>
    <ClInclude Include="Include\Sequencer.h">
      <Filter>Header Files</Filter>
    </ClInclude>
    <ClInclude Include="Include\Waveforms.h">
      <Filter>Header Files</Filter>
    </ClInclude>
    <ClInclude Include="Include\EnvelopeGenerator.h">
      <Filter>Header Files</Filter>
    </ClInclude>
    <ClInclude Include="Include\FlankDetector.h">
      <Filter>Header Files</Filter>
    </ClInclude>
    <ClInclude Include="Include\Sum.h">
      <Filter>Header Files</Filter>
    </ClInclude>
    <ClInclude Include="Include\ContinuousFilterFactory.h">
      <Filter>Header Files</Filter>
    </ClInclude>
    <ClInclude Include="Include\ZeroCrossingDetector.h">
      <Filter>Header Files</Filter>
    </ClInclude>
    <ClInclude Include="Include\MoogFilter.h">
      <Filter>Header Files</Filter>
    </ClInclude>
  </ItemGroup>
  <ItemGroup>
    <ClCompile Include="Source\WaveWriter.cpp">
      <Filter>Source Files</Filter>
    </ClCompile>
    <ClCompile Include="Source\WaveformGenerator.cpp">
      <Filter>Source Files</Filter>
    </ClCompile>
    <ClCompile Include="Source\Constant.cpp">
      <Filter>Source Files</Filter>
    </ClCompile>
    <ClCompile Include="Source\Source.cpp">
      <Filter>Source Files</Filter>
    </ClCompile>
    <ClCompile Include="Source\Lfo.cpp">
      <Filter>Source Files</Filter>
    </ClCompile>
    <ClCompile Include="Source\Gain.cpp">
      <Filter>Source Files</Filter>
    </ClCompile>
    <ClCompile Include="Source\GateGenerator.cpp">
      <Filter>Source Files</Filter>
    </ClCompile>
    <ClCompile Include="Source\Sequencer.cpp">
      <Filter>Source Files</Filter>
    </ClCompile>
    <ClCompile Include="Source\FlankDetector.cpp">
      <Filter>Source Files</Filter>
    </ClCompile>
    <ClCompile Include="Source\EnvelopeGenerator.cpp">
      <Filter>Source Files</Filter>
    </ClCompile>
    <ClCompile Include="Source\Sum.cpp">
      <Filter>Source Files</Filter>
    </ClCompile>
    <ClCompile Include="Source\ContinuousFilterFactory.cpp">
      <Filter>Source Files</Filter>
    </ClCompile>
    <ClCompile Include="Source\ZeroCrossingDetector.cpp">
      <Filter>Source Files</Filter>
    </ClCompile>
    <ClCompile Include="Source\MoogFilter.cpp">
      <Filter>Header Files</Filter>
    </ClCompile>
  </ItemGroup>
</Project>