<?xml version="1.0" encoding="utf-8"?>
<Project ToolsVersion="4.0" xmlns="http://schemas.microsoft.com/developer/msbuild/2003">
  <ItemGroup>
    <ClCompile Include="Source\BitCrusher.cpp" />
    <ClCompile Include="Source\Decimator.cpp" />
    <ClCompile Include="Source\DrumMachine.cpp" />
    <ClCompile Include="Source\EnvelopeFollower.cpp" />
    <ClCompile Include="Source\FmOperator.cpp" />
    <ClCompile Include="Source\LinearTableFunctionProvider.cpp" />
    <ClCompile Include="Source\MidiFilePlayer.cpp" />
    <ClCompile Include="Source\Multiply.cpp" />
    <ClCompile Include="Source\NesPsg.cpp" />
    <ClCompile Include="Source\NoiseGenerator.cpp" />
    <ClCompile Include="Source\PitchToFrequencyConverter.cpp" />
    <ClCompile Include="Source\MoogFilter.cpp" />
    <ClCompile Include="Source\ContinuousFilterFactory.cpp" />
    <ClCompile Include="Source\EnvelopeGenerator.cpp" />
    <ClCompile Include="Source\FlankDetector.cpp" />
    <ClCompile Include="Source\GateGenerator.cpp" />
    <ClCompile Include="Source\Constant.cpp" />
    <ClCompile Include="Source\Gain.cpp" />
    <ClCompile Include="Source\Lfo.cpp" />
    <ClCompile Include="Source\MultiOscillator.cpp" />
    <ClCompile Include="Source\MasterSystemPsg.cpp" />
    <ClCompile Include="Source\PsgNoiseChannel.cpp" />
    <ClCompile Include="Source\PsgToneChannel.cpp" />
    <ClCompile Include="Source\PulseFunctionProvider.cpp" />
    <ClCompile Include="Source\PulseGenerator.cpp" />
    <ClCompile Include="Source\Repeater.cpp" />
    <ClCompile Include="Source\Sequencer.cpp" />
    <ClCompile Include="Source\SignalSplitter.cpp" />
    <ClCompile Include="Source\Source.cpp" />
    <ClCompile Include="Source\Sum.cpp" />
    <ClCompile Include="Source\Voice.cpp" />
    <ClCompile Include="Source\SyncFunctionProvider.cpp" />
    <ClCompile Include="Source\WaveformGenerator.cpp" />
    <ClCompile Include="Source\WaveformGeneratorModule.cpp" />
    <ClCompile Include="Source\WaveWriter.cpp" />
    <ClCompile Include="Source\Ym2612Channel.cpp" />
    <ClCompile Include="Source\ZeroCrossingDetector.cpp" />
    <ClCompile Include="Source\VoiceManager.cpp" />
    <ClCompile Include="Source\Megadrive.cpp" />
    <ClCompile Include="Source\Panning.cpp" />
  </ItemGroup>
  <ItemGroup>
    <ClInclude Include="Include\BitCrusher.h" />
    <ClInclude Include="Include\ContinuousFilterFactory.h" />
    <ClInclude Include="Include\Decimator.h" />
    <ClInclude Include="Include\DrumMachine.h" />
    <ClInclude Include="Include\EnvelopeFollower.h" />
    <ClInclude Include="Include\FmOperator.h" />
    <ClInclude Include="Include\Globals.h" />
    <ClInclude Include="Include\ILinearFunctionProvider.h" />
    <ClInclude Include="Include\IWaveformGenerator.h" />
    <ClInclude Include="Include\LinearTableFunctionProvider.h" />
    <ClInclude Include="Include\MidiFilePlayer.h" />
    <ClInclude Include="Include\MoogFilter.h" />
    <ClInclude Include="Include\MulltiOscillator.h" />
    <ClInclude Include="Include\Multiply.h" />
    <ClInclude Include="Include\NesPsg.h" />
    <ClInclude Include="Include\NoiseGeneratorh.h" />
    <ClInclude Include="Include\PitchToFrequencyConverter.h" />
    <ClInclude Include="Include\MasterSystemPsg.h" />
    <ClInclude Include="Include\PsgNoiseChannel.h" />
    <ClInclude Include="Include\PsgToneChannel.h" />
    <ClInclude Include="Include\PulseFunctionProvider.h" />
    <ClInclude Include="Include\PulseGenerator.h" />
    <ClInclude Include="Include\Repeater.h" />
    <ClInclude Include="Include\SignalSplitter.h" />
    <ClInclude Include="Include\Sum.h" />
    <ClInclude Include="Include\EnvelopeGenerator.h" />
    <ClInclude Include="Include\FlankDetector.h" />
    <ClInclude Include="Include\GateGenerator.h" />
    <ClInclude Include="Include\Constant.h" />
    <ClInclude Include="Include\Gain.h" />
    <ClInclude Include="Include\Lfo.h" />
    <ClInclude Include="Include\Source.h" />
    <ClInclude Include="Include\Voice.h" />
    <ClInclude Include="Include\SyncFunctionProvider.h" />
    <ClInclude Include="Include\WaveformGeneratorModule.h" />
    <ClInclude Include="Include\WaveWriter.h" />
    <ClInclude Include="Include\WaveformGenerator.h" />
    <ClInclude Include="Include\Sequencer.h" />
    <ClInclude Include="Include\Waveforms.h" />
    <ClInclude Include="Include\Ym2612Channel.h" />
    <ClInclude Include="Include\ZeroCrossingDetector.h" />
    <ClInclude Include="Include\VoiceManager.h" />
    <ClInclude Include="Include\Megadrive.h" />
    <ClInclude Include="Include\Panning.h" />
  </ItemGroup>
</Project>