<?xml version="1.0" encoding="utf-8"?>
<Project ToolsVersion="4.0" xmlns="http://schemas.microsoft.com/developer/msbuild/2003">
  <ItemGroup>
    <Filter Include="Source Files">
      <UniqueIdentifier>{4FC737F1-C7A5-4376-A066-2A32D752A2FF}</UniqueIdentifier>
      <Extensions>cpp;c;cc;cxx;def;odl;idl;hpj;bat;asm;asmx</Extensions>
    </Filter>
    <Filter Include="Header Files">
      <UniqueIdentifier>{93995380-89BD-4b04-88EB-625FBE52EBFB}</UniqueIdentifier>
      <Extensions>h;hh;hpp;hxx;hm;inl;inc;ipp;xsd</Extensions>
    </Filter>
    <Filter Include="Resource Files">
      <UniqueIdentifier>{67DA6AB6-F800-4c08-8B7A-83BB121AAD01}</UniqueIdentifier>
      <Extensions>rc;ico;cur;bmp;dlg;rc2;rct;bin;rgs;gif;jpg;jpeg;jpe;resx;tiff;tif;png;wav;mfcribbon-ms</Extensions>
    </Filter>
    <Filter Include="Header Files\Tests">
      <UniqueIdentifier>{77764af0-b34f-43d6-8512-517a8fb4bd69}</UniqueIdentifier>
    </Filter>
    <Filter Include="Source Files\Tests">
      <UniqueIdentifier>{d02940fd-1611-4ab9-961b-45d9ed6001dc}</UniqueIdentifier>
    </Filter>
  </ItemGroup>
  <ItemGroup>
    <ClInclude Include="..\SamplePlayer.h">
      <Filter>Header Files</Filter>
    </ClInclude>
    <ClInclude Include="IModule.h">
      <Filter>Header Files</Filter>
    </ClInclude>
    <ClInclude Include="Module.h">
      <Filter>Header Files</Filter>
    </ClInclude>
    <ClInclude Include="InputPort.h">
      <Filter>Header Files</Filter>
    </ClInclude>
    <ClInclude Include="IInputPort.h">
      <Filter>Header Files</Filter>
    </ClInclude>
    <ClInclude Include="IOutputPort.h">
      <Filter>Header Files</Filter>
    </ClInclude>
    <ClInclude Include="OutputPort.h">
      <Filter>Header Files</Filter>
    </ClInclude>
    <ClInclude Include="SampleBuffer.h">
      <Filter>Header Files</Filter>
    </ClInclude>
    <ClInclude Include="Interpolator.h">
      <Filter>Header Files</Filter>
    </ClInclude>
    <ClInclude Include="Tests\InterpolatorTests.h">
      <Filter>Header Files\Tests</Filter>
    </ClInclude>
    <ClInclude Include="LinearFilter.h">
      <Filter>Header Files</Filter>
    </ClInclude>
    <ClInclude Include="TwoPoleLowpassFilter.h">
      <Filter>Header Files</Filter>
    </ClInclude>
    <ClInclude Include="Tests\Assert.h">
      <Filter>Header Files</Filter>
    </ClInclude>
    <ClInclude Include="Tests\SampleBufferTests.h">
      <Filter>Header Files</Filter>
    </ClInclude>
    <ClInclude Include="IFilter.h">
      <Filter>Header Files</Filter>
    </ClInclude>
    <ClInclude Include="Tests\TwoPoleLowpassFilterTests.h">
      <Filter>Header Files\Tests</Filter>
    </ClInclude>
    <ClInclude Include="FilterModule.h">
      <Filter>Header Files</Filter>
    </ClInclude>
    <ClInclude Include="SisoModule.h">
      <Filter>Header Files</Filter>
    </ClInclude>
    <ClInclude Include="ISampleProvider.h">
      <Filter>Header Files</Filter>
    </ClInclude>
    <ClInclude Include="ModuleRunner.h">
      <Filter>Header Files</Filter>
    </ClInclude>
    <ClInclude Include="Tests\SignalSource.h">
      <Filter>Header Files</Filter>
    </ClInclude>
    <ClInclude Include="Tests\SignalSink.h">
      <Filter>Header Files</Filter>
    </ClInclude>
    <ClInclude Include="Tests\ModuleRunnerTests.h">
      <Filter>Header Files\Tests</Filter>
    </ClInclude>
  </ItemGroup>
  <ItemGroup>
    <ClCompile Include="..\SamplePlayer.cpp">
      <Filter>Source Files</Filter>
    </ClCompile>
    <ClCompile Include="Module.cpp">
      <Filter>Source Files</Filter>
    </ClCompile>
    <ClCompile Include="InputPort.cpp">
      <Filter>Source Files</Filter>
    </ClCompile>
    <ClCompile Include="OutputPort.cpp">
      <Filter>Source Files</Filter>
    </ClCompile>
    <ClCompile Include="SampleBuffer.cpp">
      <Filter>Source Files</Filter>
    </ClCompile>
    <ClCompile Include="Interpolator.cpp">
      <Filter>Source Files</Filter>
    </ClCompile>
    <ClCompile Include="Tests\InterpolatorTests.cpp">
      <Filter>Source Files\Tests</Filter>
    </ClCompile>
    <ClCompile Include="TwoPoleLowpassFilter.cpp">
      <Filter>Source Files</Filter>
    </ClCompile>
    <ClCompile Include="Tests\Test.cpp">
      <Filter>Source Files\Tests</Filter>
    </ClCompile>
    <ClCompile Include="Tests\Assert.cpp">
      <Filter>Source Files</Filter>
    </ClCompile>
    <ClCompile Include="Tests\TwoPoleLowpassFilterTests.cpp">
      <Filter>Source Files\Tests</Filter>
    </ClCompile>
    <ClCompile Include="Tests\SampleBufferTests.cpp">
      <Filter>Source Files\Tests</Filter>
    </ClCompile>
    <ClCompile Include="FilterModule.cpp">
      <Filter>Source Files</Filter>
    </ClCompile>
    <ClCompile Include="SisoModule.cpp">
      <Filter>Source Files</Filter>
    </ClCompile>
    <ClCompile Include="ModuleRunner.cpp">
      <Filter>Source Files</Filter>
    </ClCompile>
    <ClCompile Include="Tests\SignalSource.cpp">
      <Filter>Source Files</Filter>
    </ClCompile>
    <ClCompile Include="Tests\SignalSink.cpp">
      <Filter>Source Files</Filter>
    </ClCompile>
    <ClCompile Include="Tests\ModuleRunnerTests.cpp">
      <Filter>Source Files\Tests</Filter>
    </ClCompile>
  </ItemGroup>
</Project>