<?xml version="1.0" encoding="utf-8"?>
<Project ToolsVersion="4.0" xmlns="http://schemas.microsoft.com/developer/msbuild/2003">
  <ItemGroup>
    <Filter Include="Source Files">
      <UniqueIdentifier>{4FC737F1-C7A5-4376-A066-2A32D752A2FF}</UniqueIdentifier>
      <Extensions>cpp;c;cc;cxx;def;odl;idl;hpj;bat;asm;asmx</Extensions>
    </Filter>
    <Filter Include="Header Files">
      <UniqueIdentifier>{93995380-89BD-4b04-88EB-625FBE52EBFB}</UniqueIdentifier>
      <Extensions>h;hh;hpp;hxx;hm;inl;inc;ipp;xsd</Extensions>
    </Filter>
    <Filter Include="Resource Files">
      <UniqueIdentifier>{67DA6AB6-F800-4c08-8B7A-83BB121AAD01}</UniqueIdentifier>
      <Extensions>rc;ico;cur;bmp;dlg;rc2;rct;bin;rgs;gif;jpg;jpeg;jpe;resx;tiff;tif;png;wav;mfcribbon-ms</Extensions>
    </Filter>
    <Filter Include="Source Files\Tests">
      <UniqueIdentifier>{d02940fd-1611-4ab9-961b-45d9ed6001dc}</UniqueIdentifier>
    </Filter>
    <Filter Include="Header Files\Framework">
      <UniqueIdentifier>{c2971352-dfd0-4b5d-92e5-72dd282de047}</UniqueIdentifier>
    </Filter>
    <Filter Include="Source Files\Framework">
      <UniqueIdentifier>{c7d6ed1c-7e01-4147-a2c5-d9abc992b20b}</UniqueIdentifier>
    </Filter>
    <Filter Include="Header Files\TestUtils">
      <UniqueIdentifier>{68393ec2-e1ab-4997-83b0-98fc8cb30b17}</UniqueIdentifier>
    </Filter>
    <Filter Include="Source Files\TestUtils">
      <UniqueIdentifier>{18e839ce-17b6-47ae-bace-0db1e3186e0a}</UniqueIdentifier>
    </Filter>
  </ItemGroup>
  <ItemGroup>
    <ClInclude Include="..\SamplePlayer.h">
      <Filter>Header Files</Filter>
    </ClInclude>
    <ClInclude Include="Interpolator.h">
      <Filter>Header Files</Filter>
    </ClInclude>
    <ClInclude Include="LinearFilter.h">
      <Filter>Header Files</Filter>
    </ClInclude>
    <ClInclude Include="TwoPoleLowpassFilter.h">
      <Filter>Header Files</Filter>
    </ClInclude>
    <ClInclude Include="IFilter.h">
      <Filter>Header Files</Filter>
    </ClInclude>
    <ClInclude Include="FilterModule.h">
      <Filter>Header Files</Filter>
    </ClInclude>
    <ClInclude Include="SisoModule.h">
      <Filter>Header Files</Filter>
    </ClInclude>
    <ClInclude Include="ISampleProvider.h">
      <Filter>Header Files</Filter>
    </ClInclude>
    <ClInclude Include="Framework\IInputPort.h">
      <Filter>Header Files\Framework</Filter>
    </ClInclude>
    <ClInclude Include="Framework\IModule.h">
      <Filter>Header Files\Framework</Filter>
    </ClInclude>
    <ClInclude Include="Framework\InputPort.h">
      <Filter>Header Files\Framework</Filter>
    </ClInclude>
    <ClInclude Include="Framework\IOutputPort.h">
      <Filter>Header Files\Framework</Filter>
    </ClInclude>
    <ClInclude Include="Framework\Module.h">
      <Filter>Header Files\Framework</Filter>
    </ClInclude>
    <ClInclude Include="Framework\ModuleRunner.h">
      <Filter>Header Files\Framework</Filter>
    </ClInclude>
    <ClInclude Include="Framework\OutputPort.h">
      <Filter>Header Files\Framework</Filter>
    </ClInclude>
    <ClInclude Include="TestUtils\Assert.h">
      <Filter>Header Files\TestUtils</Filter>
    </ClInclude>
    <ClInclude Include="TestUtils\SignalSink.h">
      <Filter>Header Files\TestUtils</Filter>
    </ClInclude>
    <ClInclude Include="TestUtils\SignalSource.h">
      <Filter>Header Files\TestUtils</Filter>
    </ClInclude>
    <ClInclude Include="TestUtils\TestSuite.h">
      <Filter>Header Files\TestUtils</Filter>
    </ClInclude>
    <ClInclude Include="SampleSource.h">
      <Filter>Header Files</Filter>
    </ClInclude>
    <ClInclude Include="SampleSink.h">
      <Filter>Header Files</Filter>
    </ClInclude>
    <ClInclude Include="SampleBufferModule.h">
      <Filter>Header Files</Filter>
    </ClInclude>
    <ClInclude Include="SampleBuffer.h">
      <Filter>Header Files</Filter>
    </ClInclude>
    <ClInclude Include="Inverter.h">
      <Filter>Header Files</Filter>
    </ClInclude>
  </ItemGroup>
  <ItemGroup>
    <ClCompile Include="..\SamplePlayer.cpp">
      <Filter>Source Files</Filter>
    </ClCompile>
    <ClCompile Include="Interpolator.cpp">
      <Filter>Source Files</Filter>
    </ClCompile>
    <ClCompile Include="Tests\InterpolatorTests.cpp">
      <Filter>Source Files\Tests</Filter>
    </ClCompile>
    <ClCompile Include="TwoPoleLowpassFilter.cpp">
      <Filter>Source Files</Filter>
    </ClCompile>
    <ClCompile Include="Tests\Test.cpp">
      <Filter>Source Files\Tests</Filter>
    </ClCompile>
    <ClCompile Include="Tests\TwoPoleLowpassFilterTests.cpp">
      <Filter>Source Files\Tests</Filter>
    </ClCompile>
    <ClCompile Include="FilterModule.cpp">
      <Filter>Source Files</Filter>
    </ClCompile>
    <ClCompile Include="SisoModule.cpp">
      <Filter>Source Files</Filter>
    </ClCompile>
    <ClCompile Include="Tests\ModuleRunnerTests.cpp">
      <Filter>Source Files\Tests</Filter>
    </ClCompile>
    <ClCompile Include="Framework\InputPort.cpp">
      <Filter>Source Files\Framework</Filter>
    </ClCompile>
    <ClCompile Include="Framework\Module.cpp">
      <Filter>Source Files\Framework</Filter>
    </ClCompile>
    <ClCompile Include="Framework\ModuleRunner.cpp">
      <Filter>Source Files\Framework</Filter>
    </ClCompile>
    <ClCompile Include="Framework\OutputPort.cpp">
      <Filter>Source Files\Framework</Filter>
    </ClCompile>
    <ClCompile Include="TestUtils\SignalSink.cpp">
      <Filter>Source Files\TestUtils</Filter>
    </ClCompile>
    <ClCompile Include="TestUtils\SignalSource.cpp">
      <Filter>Source Files\TestUtils</Filter>
    </ClCompile>
    <ClCompile Include="TestUtils\TestSuite.cpp">
      <Filter>Source Files\TestUtils</Filter>
    </ClCompile>
    <ClCompile Include="SampleSource.cpp">
      <Filter>Source Files</Filter>
    </ClCompile>
    <ClCompile Include="SampleSink.cpp">
      <Filter>Source Files</Filter>
    </ClCompile>
    <ClCompile Include="SampleBufferModule.cpp">
      <Filter>Source Files</Filter>
    </ClCompile>
    <ClCompile Include="SampleBuffer.cpp">
      <Filter>Source Files</Filter>
    </ClCompile>
    <ClCompile Include="Tests\SampleBufferModuleTests.cpp">
      <Filter>Source Files\Tests</Filter>
    </ClCompile>
    <ClCompile Include="Inverter.cpp">
      <Filter>Source Files</Filter>
    </ClCompile>
    <ClCompile Include="Tests\SamplePlayerTests.cpp">
      <Filter>Header Files</Filter>
    </ClCompile>
  </ItemGroup>
</Project>