<?xml version="1.0" encoding="utf-8"?>
<Project ToolsVersion="4.0" xmlns="http://schemas.microsoft.com/developer/msbuild/2003">
  <ItemGroup>
    <Filter Include="Source Files">
      <UniqueIdentifier>{4FC737F1-C7A5-4376-A066-2A32D752A2FF}</UniqueIdentifier>
      <Extensions>cpp;c;cc;cxx;def;odl;idl;hpj;bat;asm;asmx</Extensions>
    </Filter>
    <Filter Include="Header Files">
      <UniqueIdentifier>{93995380-89BD-4b04-88EB-625FBE52EBFB}</UniqueIdentifier>
      <Extensions>h;hh;hpp;hxx;hm;inl;inc;ipp;xsd</Extensions>
    </Filter>
    <Filter Include="Resource Files">
      <UniqueIdentifier>{67DA6AB6-F800-4c08-8B7A-83BB121AAD01}</UniqueIdentifier>
      <Extensions>rc;ico;cur;bmp;dlg;rc2;rct;bin;rgs;gif;jpg;jpeg;jpe;resx;tiff;tif;png;wav;mfcribbon-ms</Extensions>
    </Filter>
  </ItemGroup>
  <ItemGroup>
    <ClCompile Include="..\soundfile-2.2\include\Array.cpp">
      <Filter>Header Files</Filter>
    </ClCompile>
    <ClCompile Include="..\soundfile-2.2\include\Collection.cpp">
      <Filter>Source Files</Filter>
    </ClCompile>
    <ClCompile Include="..\soundfile-2.2\src\FileIO.cpp">
      <Filter>Source Files</Filter>
    </ClCompile>
    <ClCompile Include="..\soundfile-2.2\src\Options.cpp">
      <Filter>Source Files</Filter>
    </ClCompile>
    <ClCompile Include="..\soundfile-2.2\src\Options_private.cpp">
      <Filter>Source Files</Filter>
    </ClCompile>
    <ClCompile Include="..\soundfile-2.2\src\soundfilehelpers.cpp">
      <Filter>Source Files</Filter>
    </ClCompile>
    <ClCompile Include="..\soundfile-2.2\src\SoundFileRead.cpp">
      <Filter>Source Files</Filter>
    </ClCompile>
    <ClCompile Include="..\soundfile-2.2\src\SoundFileWrite.cpp">
      <Filter>Source Files</Filter>
    </ClCompile>
    <ClCompile Include="..\soundfile-2.2\src\SoundHeader.cpp">
      <Filter>Source Files</Filter>
    </ClCompile>
  </ItemGroup>
  <ItemGroup>
    <ClInclude Include="..\soundfile-2.2\include\Array.h">
      <Filter>Header Files</Filter>
    </ClInclude>
    <ClInclude Include="..\soundfile-2.2\include\Collection.h">
      <Filter>Header Files</Filter>
    </ClInclude>
    <ClInclude Include="..\soundfile-2.2\include\FileIO.h">
      <Filter>Header Files</Filter>
    </ClInclude>
    <ClInclude Include="..\soundfile-2.2\include\Options.h">
      <Filter>Header Files</Filter>
    </ClInclude>
    <ClInclude Include="..\soundfile-2.2\include\Options_private.h">
      <Filter>Header Files</Filter>
    </ClInclude>
    <ClInclude Include="..\soundfile-2.2\include\sigConfiguration.h">
      <Filter>Header Files</Filter>
    </ClInclude>
    <ClInclude Include="..\soundfile-2.2\include\soundfile.h">
      <Filter>Header Files</Filter>
    </ClInclude>
    <ClInclude Include="..\soundfile-2.2\include\soundfilehelpers.h">
      <Filter>Header Files</Filter>
    </ClInclude>
    <ClInclude Include="..\soundfile-2.2\include\SoundFileRead.h">
      <Filter>Header Files</Filter>
    </ClInclude>
    <ClInclude Include="..\soundfile-2.2\include\SoundFileWrite.h">
      <Filter>Header Files</Filter>
    </ClInclude>
    <ClInclude Include="..\soundfile-2.2\include\SoundHeader.h">
      <Filter>Header Files</Filter>
    </ClInclude>
  </ItemGroup>
</Project>